
Microsoft Visual Studio Solution File, Format Version 12.00
# Visual Studio Version 16
VisualStudioVersion = 16.0.30523.141
MinimumVisualStudioVersion = 10.0.40219.1
Project("{FAE04EC0-301F-11D3-BF4B-00C04F79EFBC}") = "FakeNewsClassifierAPI", "FakeNewsClassifierAPI.csproj", "{205E4F30-B176-4ADA-A261-1C23AC1CCEEE}"
EndProject
Global
	GlobalSection(SolutionConfigurationPlatforms) = preSolution
		Debug|Any CPU = Debug|Any CPU
		Release|Any CPU = Release|Any CPU
	EndGlobalSection
	GlobalSection(ProjectConfigurationPlatforms) = postSolution
		{205E4F30-B176-4ADA-A261-1C23AC1CCEEE}.Debug|Any CPU.ActiveCfg = Debug|Any CPU
		{205E4F30-B176-4ADA-A261-1C23AC1CCEEE}.Debug|Any CPU.Build.0 = Debug|Any CPU
		{205E4F30-B176-4ADA-A261-1C23AC1CCEEE}.Release|Any CPU.ActiveCfg = Release|Any CPU
		{205E4F30-B176-4ADA-A261-1C23AC1CCEEE}.Release|Any CPU.Build.0 = Release|Any CPU
	EndGlobalSection
	GlobalSection(SolutionProperties) = preSolution
		HideSolutionNode = FALSE
	EndGlobalSection
	GlobalSection(ExtensibilityGlobals) = postSolution
		SolutionGuid = {DDC43746-CF35-43AA-9BD9-FBF2F94CDC83}
	EndGlobalSection
EndGlobal
